{
  "name": "getting-started",
  "lockfileVersion": 3,
  "requires": true,
  "packages": {
    "": {
      "name": "getting-started",
      "dependencies": {
        "dotenv": "16.4.5",
        "mbd-studio-sdk": "3.4.3"
      }
    },
    "node_modules/dotenv": {
      "version": "16.4.5",
      "resolved": "https://registry.npmjs.org/dotenv/-/dotenv-16.4.5.tgz",
      "integrity": "sha512-ZmdL2rui+eB2YwhsWzjInR8LldtZHGDoQ1ugH85ppHKwpUHL7j7rN0Ti9NCnGiQbhaZ11FpR+7ao1dNsmduNUg==",
      "license": "BSD-2-Clause",
      "engines": {
        "node": ">=12"
      },
      "funding": {
        "url": "https://dotenvx.com"
      }
    },
    "node_modules/mbd-studio-sdk": {
      "version": "3.4.3",
      "resolved": "https://registry.npmjs.org/mbd-studio-sdk/-/mbd-studio-sdk-3.4.3.tgz",
      "integrity": "sha512-zW1M233yLpyzB9qTuI/qDvRh+8Flk1nmwIwSNHdOiKBRWWMN/lsbsuIzJwV45+w88cffZ0FYiIEOw2CPKrgsXA=="
    }
  }
}
